
Microsoft Visual Studio Solution File, Format Version 12.00
Project("{FAE04EC0-301F-11D3-BF4B-00C04F79EFBC}") = "Auth_Task", "Auth_Task\Auth_Task.csproj", "{A5047323-954B-49C1-8AD3-DBCBCD425E28}"
EndProject
Project("{FAE04EC0-301F-11D3-BF4B-00C04F79EFBC}") = "Auth_Task.Domain", "Auth_Task.Domain\Auth_Task.Domain.csproj", "{B5047323-954B-49C1-8AD3-DBCBCD425E29}"
EndProject
Project("{FAE04EC0-301F-11D3-BF4B-00C04F79EFBC}") = "Auth_Task.Application", "Auth_Task.Application\Auth_Task.Application.csproj", "{C5047323-954B-49C1-8AD3-DBCBCD425E30}"
EndProject
Project("{FAE04EC0-301F-11D3-BF4B-00C04F79EFBC}") = "Auth_Task.Infrastructure", "Auth_Task.Infrastructure\Auth_Task.Infrastructure.csproj", "{D5047323-954B-49C1-8AD3-DBCBCD425E31}"
EndProject
Global
	GlobalSection(SolutionConfigurationPlatforms) = preSolution
		Debug|Any CPU = Debug|Any CPU
		Release|Any CPU = Release|Any CPU
	EndGlobalSection
	GlobalSection(ProjectConfigurationPlatforms) = postSolution
		{A5047323-954B-49C1-8AD3-DBCBCD425E28}.Debug|Any CPU.ActiveCfg = Debug|Any CPU
		{A5047323-954B-49C1-8AD3-DBCBCD425E28}.Debug|Any CPU.Build.0 = Debug|Any CPU
		{A5047323-954B-49C1-8AD3-DBCBCD425E28}.Release|Any CPU.ActiveCfg = Release|Any CPU
		{A5047323-954B-49C1-8AD3-DBCBCD425E28}.Release|Any CPU.Build.0 = Release|Any CPU
		{B5047323-954B-49C1-8AD3-DBCBCD425E29}.Debug|Any CPU.ActiveCfg = Debug|Any CPU
		{B5047323-954B-49C1-8AD3-DBCBCD425E29}.Debug|Any CPU.Build.0 = Debug|Any CPU
		{B5047323-954B-49C1-8AD3-DBCBCD425E29}.Release|Any CPU.ActiveCfg = Release|Any CPU
		{B5047323-954B-49C1-8AD3-DBCBCD425E29}.Release|Any CPU.Build.0 = Release|Any CPU
		{C5047323-954B-49C1-8AD3-DBCBCD425E30}.Debug|Any CPU.ActiveCfg = Debug|Any CPU
		{C5047323-954B-49C1-8AD3-DBCBCD425E30}.Debug|Any CPU.Build.0 = Debug|Any CPU
		{C5047323-954B-49C1-8AD3-DBCBCD425E30}.Release|Any CPU.ActiveCfg = Release|Any CPU
		{C5047323-954B-49C1-8AD3-DBCBCD425E30}.Release|Any CPU.Build.0 = Release|Any CPU
		{D5047323-954B-49C1-8AD3-DBCBCD425E31}.Debug|Any CPU.ActiveCfg = Debug|Any CPU
		{D5047323-954B-49C1-8AD3-DBCBCD425E31}.Debug|Any CPU.Build.0 = Debug|Any CPU
		{D5047323-954B-49C1-8AD3-DBCBCD425E31}.Release|Any CPU.ActiveCfg = Release|Any CPU
		{D5047323-954B-49C1-8AD3-DBCBCD425E31}.Release|Any CPU.Build.0 = Release|Any CPU
	EndGlobalSection
EndGlobal
